// !$*UTF8*$!
{
	archiveVersion = 1;
	classes = {
	};
	objectVersion = 46;
	objects = {

/* Begin PBXBuildFile section */
		6801BC191A8F20F600397162 /* taking_pic.png in Resources */ = {isa = PBXBuildFile; fileRef = 6801BC181A8F20F600397162 /* taking_pic.png */; };
		6801BC1B1A8F298100397162 /* menu.png in Resources */ = {isa = PBXBuildFile; fileRef = 6801BC1A1A8F298100397162 /* menu.png */; };
		6801BC1D1A8F2AF400397162 /* button_close.png in Resources */ = {isa = PBXBuildFile; fileRef = 6801BC1C1A8F2AF400397162 /* button_close.png */; };
		6801BC1F1A8F2E8E00397162 /* Default.png in Resources */ = {isa = PBXBuildFile; fileRef = 6801BC1E1A8F2E8E00397162 /* Default.png */; };
		6801BC211A8F317700397162 /* Default@2x.png in Resources */ = {isa = PBXBuildFile; fileRef = 6801BC201A8F317700397162 /* Default@2x.png */; };
		686C7DD01A86940100FFEBAA /* main.m in Sources */ = {isa = PBXBuildFile; fileRef = 686C7DCF1A86940100FFEBAA /* main.m */; };
		686C7DD31A86940100FFEBAA /* AppDelegate.m in Sources */ = {isa = PBXBuildFile; fileRef = 686C7DD21A86940100FFEBAA /* AppDelegate.m */; };
		686C7DDB1A86940100FFEBAA /* Images.xcassets in Resources */ = {isa = PBXBuildFile; fileRef = 686C7DDA1A86940100FFEBAA /* Images.xcassets */; };
		686C7DEA1A86940100FFEBAA /* TableTestTests.m in Sources */ = {isa = PBXBuildFile; fileRef = 686C7DE91A86940100FFEBAA /* TableTestTests.m */; };
		686C7DFB1A876E6300FFEBAA /* FirstView.m in Sources */ = {isa = PBXBuildFile; fileRef = 686C7DFA1A876E6300FFEBAA /* FirstView.m */; };
		6898A0A91A8F48FB00741933 /* setting_1.png in Resources */ = {isa = PBXBuildFile; fileRef = 6898A0A81A8F48FB00741933 /* setting_1.png */; };
		6898A0AD1A8F4BDB00741933 /* button_album.png in Resources */ = {isa = PBXBuildFile; fileRef = 6898A0AC1A8F4BDB00741933 /* button_album.png */; };
		6898A0AF1A8F4C5200741933 /* button_camera.png in Resources */ = {isa = PBXBuildFile; fileRef = 6898A0AE1A8F4C5200741933 /* button_camera.png */; };
/* End PBXBuildFile section */

/* Begin PBXContainerItemProxy section */
		686C7DE41A86940100FFEBAA /* PBXContainerItemProxy */ = {
			isa = PBXContainerItemProxy;
			containerPortal = 686C7DC21A86940100FFEBAA /* Project object */;
			proxyType = 1;
			remoteGlobalIDString = 686C7DC91A86940100FFEBAA;
			remoteInfo = TableTest;
		};
/* End PBXContainerItemProxy section */

/* Begin PBXFileReference section */
		6801BC181A8F20F600397162 /* taking_pic.png */ = {isa = PBXFileReference; lastKnownFileType = image.png; path = taking_pic.png; sourceTree = "<group>"; };
		6801BC1A1A8F298100397162 /* menu.png */ = {isa = PBXFileReference; lastKnownFileType = image.png; path = menu.png; sourceTree = "<group>"; };
		6801BC1C1A8F2AF400397162 /* button_close.png */ = {isa = PBXFileReference; lastKnownFileType = image.png; path = button_close.png; sourceTree = "<group>"; };
		6801BC1E1A8F2E8E00397162 /* Default.png */ = {isa = PBXFileReference; lastKnownFileType = image.png; path = Default.png; sourceTree = "<group>"; };
		6801BC201A8F317700397162 /* Default@2x.png */ = {isa = PBXFileReference; lastKnownFileType = image.png; path = "Default@2x.png"; sourceTree = "<group>"; };
		686C7DCA1A86940100FFEBAA /* TableTest.app */ = {isa = PBXFileReference; explicitFileType = wrapper.application; includeInIndex = 0; path = TableTest.app; sourceTree = BUILT_PRODUCTS_DIR; };
		686C7DCE1A86940100FFEBAA /* Info.plist */ = {isa = PBXFileReference; lastKnownFileType = text.plist.xml; path = Info.plist; sourceTree = "<group>"; };
		686C7DCF1A86940100FFEBAA /* main.m */ = {isa = PBXFileReference; lastKnownFileType = sourcecode.c.objc; path = main.m; sourceTree = "<group>"; };
		686C7DD11A86940100FFEBAA /* AppDelegate.h */ = {isa = PBXFileReference; lastKnownFileType = sourcecode.c.h; path = AppDelegate.h; sourceTree = "<group>"; };
		686C7DD21A86940100FFEBAA /* AppDelegate.m */ = {isa = PBXFileReference; lastKnownFileType = sourcecode.c.objc; path = AppDelegate.m; sourceTree = "<group>"; };
		686C7DDA1A86940100FFEBAA /* Images.xcassets */ = {isa = PBXFileReference; lastKnownFileType = folder.assetcatalog; path = Images.xcassets; sourceTree = "<group>"; };
		686C7DE31A86940100FFEBAA /* TableTestTests.xctest */ = {isa = PBXFileReference; explicitFileType = wrapper.cfbundle; includeInIndex = 0; path = TableTestTests.xctest; sourceTree = BUILT_PRODUCTS_DIR; };
		686C7DE81A86940100FFEBAA /* Info.plist */ = {isa = PBXFileReference; lastKnownFileType = text.plist.xml; path = Info.plist; sourceTree = "<group>"; };
		686C7DE91A86940100FFEBAA /* TableTestTests.m */ = {isa = PBXFileReference; lastKnownFileType = sourcecode.c.objc; path = TableTestTests.m; sourceTree = "<group>"; };
		686C7DF91A876E6300FFEBAA /* FirstView.h */ = {isa = PBXFileReference; fileEncoding = 4; lastKnownFileType = sourcecode.c.h; path = FirstView.h; sourceTree = "<group>"; };
		686C7DFA1A876E6300FFEBAA /* FirstView.m */ = {isa = PBXFileReference; fileEncoding = 4; lastKnownFileType = sourcecode.c.objc; path = FirstView.m; sourceTree = "<group>"; };
		6898A0A81A8F48FB00741933 /* setting_1.png */ = {isa = PBXFileReference; lastKnownFileType = image.png; path = setting_1.png; sourceTree = "<group>"; };
		6898A0AC1A8F4BDB00741933 /* button_album.png */ = {isa = PBXFileReference; lastKnownFileType = image.png; path = button_album.png; sourceTree = "<group>"; };
		6898A0AE1A8F4C5200741933 /* button_camera.png */ = {isa = PBXFileReference; lastKnownFileType = image.png; path = button_camera.png; sourceTree = "<group>"; };
/* End PBXFileReference section */

/* Begin PBXFrameworksBuildPhase section */
		686C7DC71A86940100FFEBAA /* Frameworks */ = {
			isa = PBXFrameworksBuildPhase;
			buildActionMask = 2147483647;
			files = (
			);
			runOnlyForDeploymentPostprocessing = 0;
		};
		686C7DE01A86940100FFEBAA /* Frameworks */ = {
			isa = PBXFrameworksBuildPhase;
			buildActionMask = 2147483647;
			files = (
			);
			runOnlyForDeploymentPostprocessing = 0;
		};
/* End PBXFrameworksBuildPhase section */

/* Begin PBXGroup section */
		6801BC171A8F20CB00397162 /* image */ = {
			isa = PBXGroup;
			children = (
				6801BC1E1A8F2E8E00397162 /* Default.png */,
				6801BC201A8F317700397162 /* Default@2x.png */,
				6801BC1A1A8F298100397162 /* menu.png */,
				6801BC1C1A8F2AF400397162 /* button_close.png */,
				6898A0AE1A8F4C5200741933 /* button_camera.png */,
				6898A0AC1A8F4BDB00741933 /* button_album.png */,
				6801BC181A8F20F600397162 /* taking_pic.png */,
				6898A0A81A8F48FB00741933 /* setting_1.png */,
			);
			name = image;
			sourceTree = "<group>";
		};
		686C7DC11A86940100FFEBAA = {
			isa = PBXGroup;
			children = (
				686C7DCC1A86940100FFEBAA /* TableTest */,
				686C7DE61A86940100FFEBAA /* TableTestTests */,
				686C7DCB1A86940100FFEBAA /* Products */,
			);
			sourceTree = "<group>";
		};
		686C7DCB1A86940100FFEBAA /* Products */ = {
			isa = PBXGroup;
			children = (
				686C7DCA1A86940100FFEBAA /* TableTest.app */,
				686C7DE31A86940100FFEBAA /* TableTestTests.xctest */,
			);
			name = Products;
			sourceTree = "<group>";
		};
		686C7DCC1A86940100FFEBAA /* TableTest */ = {
			isa = PBXGroup;
			children = (
				6801BC171A8F20CB00397162 /* image */,
				686C7DD11A86940100FFEBAA /* AppDelegate.h */,
				686C7DD21A86940100FFEBAA /* AppDelegate.m */,
				686C7DF91A876E6300FFEBAA /* FirstView.h */,
				686C7DFA1A876E6300FFEBAA /* FirstView.m */,
				686C7DDA1A86940100FFEBAA /* Images.xcassets */,
				686C7DCD1A86940100FFEBAA /* Supporting Files */,
			);
			path = TableTest;
			sourceTree = "<group>";
		};
		686C7DCD1A86940100FFEBAA /* Supporting Files */ = {
			isa = PBXGroup;
			children = (
				686C7DCE1A86940100FFEBAA /* Info.plist */,
				686C7DCF1A86940100FFEBAA /* main.m */,
			);
			name = "Supporting Files";
			sourceTree = "<group>";
		};
		686C7DE61A86940100FFEBAA /* TableTestTests */ = {
			isa = PBXGroup;
			children = (
				686C7DE91A86940100FFEBAA /* TableTestTests.m */,
				686C7DE71A86940100FFEBAA /* Supporting Files */,
			);
			path = TableTestTests;
			sourceTree = "<group>";
		};
		686C7DE71A86940100FFEBAA /* Supporting Files */ = {
			isa = PBXGroup;
			children = (
				686C7DE81A86940100FFEBAA /* Info.plist */,
			);
			name = "Supporting Files";
			sourceTree = "<group>";
		};
/* End PBXGroup section */

/* Begin PBXNativeTarget section */
		686C7DC91A86940100FFEBAA /* TableTest */ = {
			isa = PBXNativeTarget;
			buildConfigurationList = 686C7DED1A86940100FFEBAA /* Build configuration list for PBXNativeTarget "TableTest" */;
			buildPhases = (
				686C7DC61A86940100FFEBAA /* Sources */,
				686C7DC71A86940100FFEBAA /* Frameworks */,
				686C7DC81A86940100FFEBAA /* Resources */,
			);
			buildRules = (
			);
			dependencies = (
			);
			name = TableTest;
			productName = TableTest;
			productReference = 686C7DCA1A86940100FFEBAA /* TableTest.app */;
			productType = "com.apple.product-type.application";
		};
		686C7DE21A86940100FFEBAA /* TableTestTests */ = {
			isa = PBXNativeTarget;
			buildConfigurationList = 686C7DF01A86940100FFEBAA /* Build configuration list for PBXNativeTarget "TableTestTests" */;
			buildPhases = (
				686C7DDF1A86940100FFEBAA /* Sources */,
				686C7DE01A86940100FFEBAA /* Frameworks */,
				686C7DE11A86940100FFEBAA /* Resources */,
			);
			buildRules = (
			);
			dependencies = (
				686C7DE51A86940100FFEBAA /* PBXTargetDependency */,
			);
			name = TableTestTests;
			productName = TableTestTests;
			productReference = 686C7DE31A86940100FFEBAA /* TableTestTests.xctest */;
			productType = "com.apple.product-type.bundle.unit-test";
		};
/* End PBXNativeTarget section */

/* Begin PBXProject section */
		686C7DC21A86940100FFEBAA /* Project object */ = {
			isa = PBXProject;
			attributes = {
				LastUpgradeCheck = 0610;
				ORGANIZATIONNAME = "Pablo coco";
				TargetAttributes = {
					686C7DC91A86940100FFEBAA = {
						CreatedOnToolsVersion = 6.1.1;
					};
					686C7DE21A86940100FFEBAA = {
						CreatedOnToolsVersion = 6.1.1;
						TestTargetID = 686C7DC91A86940100FFEBAA;
					};
				};
			};
			buildConfigurationList = 686C7DC51A86940100FFEBAA /* Build configuration list for PBXProject "TableTest" */;
			compatibilityVersion = "Xcode 3.2";
			developmentRegion = English;
			hasScannedForEncodings = 0;
			knownRegions = (
				en,
				Base,
			);
			mainGroup = 686C7DC11A86940100FFEBAA;
			productRefGroup = 686C7DCB1A86940100FFEBAA /* Products */;
			projectDirPath = "";
			projectRoot = "";
			targets = (
				686C7DC91A86940100FFEBAA /* TableTest */,
				686C7DE21A86940100FFEBAA /* TableTestTests */,
			);
		};
/* End PBXProject section */

/* Begin PBXResourcesBuildPhase section */
		686C7DC81A86940100FFEBAA /* Resources */ = {
			isa = PBXResourcesBuildPhase;
			buildActionMask = 2147483647;
			files = (
				6801BC1B1A8F298100397162 /* menu.png in Resources */,
				6801BC211A8F317700397162 /* Default@2x.png in Resources */,
				6801BC1D1A8F2AF400397162 /* button_close.png in Resources */,
				6801BC191A8F20F600397162 /* taking_pic.png in Resources */,
				6801BC1F1A8F2E8E00397162 /* Default.png in Resources */,
				6898A0A91A8F48FB00741933 /* setting_1.png in Resources */,
				686C7DDB1A86940100FFEBAA /* Images.xcassets in Resources */,
				6898A0AF1A8F4C5200741933 /* button_camera.png in Resources */,
				6898A0AD1A8F4BDB00741933 /* button_album.png in Resources */,
			);
			runOnlyForDeploymentPostprocessing = 0;
		};
		686C7DE11A86940100FFEBAA /* Resources */ = {
			isa = PBXResourcesBuildPhase;
			buildActionMask = 2147483647;
			files = (
			);
			runOnlyForDeploymentPostprocessing = 0;
		};
/* End PBXResourcesBuildPhase section */

/* Begin PBXSourcesBuildPhase section */
		686C7DC61A86940100FFEBAA /* Sources */ = {
			isa = PBXSourcesBuildPhase;
			buildActionMask = 2147483647;
			files = (
				686C7DFB1A876E6300FFEBAA /* FirstView.m in Sources */,
				686C7DD31A86940100FFEBAA /* AppDelegate.m in Sources */,
				686C7DD01A86940100FFEBAA /* main.m in Sources */,
			);
			runOnlyForDeploymentPostprocessing = 0;
		};
		686C7DDF1A86940100FFEBAA /* Sources */ = {
			isa = PBXSourcesBuildPhase;
			buildActionMask = 2147483647;
			files = (
				686C7DEA1A86940100FFEBAA /* TableTestTests.m in Sources */,
			);
			runOnlyForDeploymentPostprocessing = 0;
		};
/* End PBXSourcesBuildPhase section */

/* Begin PBXTargetDependency section */
		686C7DE51A86940100FFEBAA /* PBXTargetDependency */ = {
			isa = PBXTargetDependency;
			target = 686C7DC91A86940100FFEBAA /* TableTest */;
			targetProxy = 686C7DE41A86940100FFEBAA /* PBXContainerItemProxy */;
		};
/* End PBXTargetDependency section */

/* Begin XCBuildConfiguration section */
		686C7DEB1A86940100FFEBAA /* Debug */ = {
			isa = XCBuildConfiguration;
			buildSettings = {
				ALWAYS_SEARCH_USER_PATHS = NO;
				CLANG_CXX_LANGUAGE_STANDARD = "gnu++0x";
				CLANG_CXX_LIBRARY = "libc++";
				CLANG_ENABLE_MODULES = YES;
				CLANG_ENABLE_OBJC_ARC = YES;
				CLANG_WARN_BOOL_CONVERSION = YES;
				CLANG_WARN_CONSTANT_CONVERSION = YES;
				CLANG_WARN_DIRECT_OBJC_ISA_USAGE = YES_ERROR;
				CLANG_WARN_EMPTY_BODY = YES;
				CLANG_WARN_ENUM_CONVERSION = YES;
				CLANG_WARN_INT_CONVERSION = YES;
				CLANG_WARN_OBJC_ROOT_CLASS = YES_ERROR;
				CLANG_WARN_UNREACHABLE_CODE = YES;
				CLANG_WARN__DUPLICATE_METHOD_MATCH = YES;
				"CODE_SIGN_IDENTITY[sdk=iphoneos*]" = "iPhone Developer";
				COPY_PHASE_STRIP = NO;
				ENABLE_STRICT_OBJC_MSGSEND = YES;
				GCC_C_LANGUAGE_STANDARD = gnu99;
				GCC_DYNAMIC_NO_PIC = NO;
				GCC_OPTIMIZATION_LEVEL = 0;
				GCC_PREPROCESSOR_DEFINITIONS = (
					"DEBUG=1",
					"$(inherited)",
				);
				GCC_SYMBOLS_PRIVATE_EXTERN = NO;
				GCC_WARN_64_TO_32_BIT_CONVERSION = YES;
				GCC_WARN_ABOUT_RETURN_TYPE = YES_ERROR;
				GCC_WARN_UNDECLARED_SELECTOR = YES;
				GCC_WARN_UNINITIALIZED_AUTOS = YES_AGGRESSIVE;
				GCC_WARN_UNUSED_FUNCTION = YES;
				GCC_WARN_UNUSED_VARIABLE = YES;
				IPHONEOS_DEPLOYMENT_TARGET = 8.1;
				MTL_ENABLE_DEBUG_INFO = YES;
				ONLY_ACTIVE_ARCH = YES;
				SDKROOT = iphoneos;
			};
			name = Debug;
		};
		686C7DEC1A86940100FFEBAA /* Release */ = {
			isa = XCBuildConfiguration;
			buildSettings = {
				ALWAYS_SEARCH_USER_PATHS = NO;
				CLANG_CXX_LANGUAGE_STANDARD = "gnu++0x";
				CLANG_CXX_LIBRARY = "libc++";
				CLANG_ENABLE_MODULES = YES;
				CLANG_ENABLE_OBJC_ARC = YES;
				CLANG_WARN_BOOL_CONVERSION = YES;
				CLANG_WARN_CONSTANT_CONVERSION = YES;
				CLANG_WARN_DIRECT_OBJC_ISA_USAGE = YES_ERROR;
				CLANG_WARN_EMPTY_BODY = YES;
				CLANG_WARN_ENUM_CONVERSION = YES;
				CLANG_WARN_INT_CONVERSION = YES;
				CLANG_WARN_OBJC_ROOT_CLASS = YES_ERROR;
				CLANG_WARN_UNREACHABLE_CODE = YES;
				CLANG_WARN__DUPLICATE_METHOD_MATCH = YES;
				"CODE_SIGN_IDENTITY[sdk=iphoneos*]" = "iPhone Developer";
				COPY_PHASE_STRIP = YES;
				ENABLE_NS_ASSERTIONS = NO;
				ENABLE_STRICT_OBJC_MSGSEND = YES;
				GCC_C_LANGUAGE_STANDARD = gnu99;
				GCC_WARN_64_TO_32_BIT_CONVERSION = YES;
				GCC_WARN_ABOUT_RETURN_TYPE = YES_ERROR;
				GCC_WARN_UNDECLARED_SELECTOR = YES;
				GCC_WARN_UNINITIALIZED_AUTOS = YES_AGGRESSIVE;
				GCC_WARN_UNUSED_FUNCTION = YES;
				GCC_WARN_UNUSED_VARIABLE = YES;
				IPHONEOS_DEPLOYMENT_TARGET = 8.1;
				MTL_ENABLE_DEBUG_INFO = NO;
				SDKROOT = iphoneos;
				VALIDATE_PRODUCT = YES;
			};
			name = Release;
		};
		686C7DEE1A86940100FFEBAA /* Debug */ = {
			isa = XCBuildConfiguration;
			buildSettings = {
				ASSETCATALOG_COMPILER_APPICON_NAME = AppIcon;
				ASSETCATALOG_COMPILER_LAUNCHIMAGE_NAME = "LaunchImage-2";
				INFOPLIST_FILE = TableTest/Info.plist;
				LD_RUNPATH_SEARCH_PATHS = "$(inherited) @executable_path/Frameworks";
				PRODUCT_NAME = "$(TARGET_NAME)";
			};
			name = Debug;
		};
		686C7DEF1A86940100FFEBAA /* Release */ = {
			isa = XCBuildConfiguration;
			buildSettings = {
				ASSETCATALOG_COMPILER_APPICON_NAME = AppIcon;
				ASSETCATALOG_COMPILER_LAUNCHIMAGE_NAME = "LaunchImage-2";
				INFOPLIST_FILE = TableTest/Info.plist;
				LD_RUNPATH_SEARCH_PATHS = "$(inherited) @executable_path/Frameworks";
				PRODUCT_NAME = "$(TARGET_NAME)";
			};
			name = Release;
		};
		686C7DF11A86940100FFEBAA /* Debug */ = {
			isa = XCBuildConfiguration;
			buildSettings = {
				BUNDLE_LOADER = "$(TEST_HOST)";
				FRAMEWORK_SEARCH_PATHS = (
					"$(SDKROOT)/Developer/Library/Frameworks",
					"$(inherited)",
				);
				GCC_PREPROCESSOR_DEFINITIONS = (
					"DEBUG=1",
					"$(inherited)",
				);
				INFOPLIST_FILE = TableTestTests/Info.plist;
				LD_RUNPATH_SEARCH_PATHS = "$(inherited) @executable_path/Frameworks @loader_path/Frameworks";
				PRODUCT_NAME = "$(TARGET_NAME)";
				TEST_HOST = "$(BUILT_PRODUCTS_DIR)/TableTest.app/TableTest";
			};
			name = Debug;
		};
		686C7DF21A86940100FFEBAA /* Release */ = {
			isa = XCBuildConfiguration;
			buildSettings = {
				BUNDLE_LOADER = "$(TEST_HOST)";
				FRAMEWORK_SEARCH_PATHS = (
					"$(SDKROOT)/Developer/Library/Frameworks",
					"$(inherited)",
				);
				INFOPLIST_FILE = TableTestTests/Info.plist;
				LD_RUNPATH_SEARCH_PATHS = "$(inherited) @executable_path/Frameworks @loader_path/Frameworks";
				PRODUCT_NAME = "$(TARGET_NAME)";
				TEST_HOST = "$(BUILT_PRODUCTS_DIR)/TableTest.app/TableTest";
			};
			name = Release;
		};
/* End XCBuildConfiguration section */

/* Begin XCConfigurationList section */
		686C7DC51A86940100FFEBAA /* Build configuration list for PBXProject "TableTest" */ = {
			isa = XCConfigurationList;
			buildConfigurations = (
				686C7DEB1A86940100FFEBAA /* Debug */,
				686C7DEC1A86940100FFEBAA /* Release */,
			);
			defaultConfigurationIsVisible = 0;
			defaultConfigurationName = Release;
		};
		686C7DED1A86940100FFEBAA /* Build configuration list for PBXNativeTarget "TableTest" */ = {
			isa = XCConfigurationList;
			buildConfigurations = (
				686C7DEE1A86940100FFEBAA /* Debug */,
				686C7DEF1A86940100FFEBAA /* Release */,
			);
			defaultConfigurationIsVisible = 0;
			defaultConfigurationName = Release;
		};
		686C7DF01A86940100FFEBAA /* Build configuration list for PBXNativeTarget "TableTestTests" */ = {
			isa = XCConfigurationList;
			buildConfigurations = (
				686C7DF11A86940100FFEBAA /* Debug */,
				686C7DF21A86940100FFEBAA /* Release */,
			);
			defaultConfigurationIsVisible = 0;
			defaultConfigurationName = Release;
		};
/* End XCConfigurationList section */
	};
	rootObject = 686C7DC21A86940100FFEBAA /* Project object */;
}
